
Microsoft Visual Studio Solution File, Format Version 12.00
# Visual Studio 11
Project("{FAE04EC0-301F-11D3-BF4B-00C04F79EFBC}") = "WikipediaMaze.Core", "Source\WikipediaMaze.Core\WikipediaMaze.Core.csproj", "{7894DBAE-0DD3-46A3-8BB7-1CBB920D2639}"
EndProject
Project("{FAE04EC0-301F-11D3-BF4B-00C04F79EFBC}") = "WikipediaMaze.Data", "Source\WikipediaMaze.Data\WikipediaMaze.Data.csproj", "{F2C5FFA6-4AC7-4B5D-A826-1D76712D12D3}"
EndProject
Project("{FAE04EC0-301F-11D3-BF4B-00C04F79EFBC}") = "WikipediaMaze.Services", "Source\WikipediaMaze.Services\WikipediaMaze.Services.csproj", "{A73743B4-9109-4ED4-A7A9-7BED6330B647}"
EndProject
Project("{FAE04EC0-301F-11D3-BF4B-00C04F79EFBC}") = "WikipediaMaze.Web", "Source\WikipediaMaze.Web\WikipediaMaze.Web.csproj", "{22E5EE09-C5CE-4085-B90C-E8F5E04BDF97}"
EndProject
Project("{FAE04EC0-301F-11D3-BF4B-00C04F79EFBC}") = "DataMigration", "DataMigration\DataMigration.csproj", "{1DD883C0-3124-449F-9C5A-B8471942525E}"
EndProject
Project("{FAE04EC0-301F-11D3-BF4B-00C04F79EFBC}") = "WikipediaMaze.Services.Tests", "WikipediaMaze.Services.Tests\WikipediaMaze.Services.Tests.csproj", "{EC96450B-0276-4B4E-8C54-AE20733EFF31}"
EndProject
Global
	GlobalSection(SolutionConfigurationPlatforms) = preSolution
		Debug|Any CPU = Debug|Any CPU
		Debug|Mixed Platforms = Debug|Mixed Platforms
		Debug|x64 = Debug|x64
		Debug|x86 = Debug|x86
		Release|Any CPU = Release|Any CPU
		Release|Mixed Platforms = Release|Mixed Platforms
		Release|x64 = Release|x64
		Release|x86 = Release|x86
	EndGlobalSection
	GlobalSection(ProjectConfigurationPlatforms) = postSolution
		{1DD883C0-3124-449F-9C5A-B8471942525E}.Debug|Any CPU.ActiveCfg = Debug|Any CPU
		{1DD883C0-3124-449F-9C5A-B8471942525E}.Debug|Any CPU.Build.0 = Debug|Any CPU
		{1DD883C0-3124-449F-9C5A-B8471942525E}.Debug|Mixed Platforms.ActiveCfg = Debug|Any CPU
		{1DD883C0-3124-449F-9C5A-B8471942525E}.Debug|Mixed Platforms.Build.0 = Debug|Any CPU
		{1DD883C0-3124-449F-9C5A-B8471942525E}.Debug|x64.ActiveCfg = Debug|Any CPU
		{1DD883C0-3124-449F-9C5A-B8471942525E}.Debug|x86.ActiveCfg = Debug|Any CPU
		{1DD883C0-3124-449F-9C5A-B8471942525E}.Release|Any CPU.ActiveCfg = Release|Any CPU
		{1DD883C0-3124-449F-9C5A-B8471942525E}.Release|Any CPU.Build.0 = Release|Any CPU
		{1DD883C0-3124-449F-9C5A-B8471942525E}.Release|Mixed Platforms.ActiveCfg = Release|Any CPU
		{1DD883C0-3124-449F-9C5A-B8471942525E}.Release|Mixed Platforms.Build.0 = Release|Any CPU
		{1DD883C0-3124-449F-9C5A-B8471942525E}.Release|x64.ActiveCfg = Release|Any CPU
		{1DD883C0-3124-449F-9C5A-B8471942525E}.Release|x86.ActiveCfg = Release|Any CPU
		{22E5EE09-C5CE-4085-B90C-E8F5E04BDF97}.Debug|Any CPU.ActiveCfg = Debug|Any CPU
		{22E5EE09-C5CE-4085-B90C-E8F5E04BDF97}.Debug|Any CPU.Build.0 = Debug|Any CPU
		{22E5EE09-C5CE-4085-B90C-E8F5E04BDF97}.Debug|Mixed Platforms.ActiveCfg = Debug|Any CPU
		{22E5EE09-C5CE-4085-B90C-E8F5E04BDF97}.Debug|Mixed Platforms.Build.0 = Debug|Any CPU
		{22E5EE09-C5CE-4085-B90C-E8F5E04BDF97}.Debug|x64.ActiveCfg = Debug|Any CPU
		{22E5EE09-C5CE-4085-B90C-E8F5E04BDF97}.Debug|x86.ActiveCfg = Debug|Any CPU
		{22E5EE09-C5CE-4085-B90C-E8F5E04BDF97}.Release|Any CPU.ActiveCfg = Release|Any CPU
		{22E5EE09-C5CE-4085-B90C-E8F5E04BDF97}.Release|Any CPU.Build.0 = Release|Any CPU
		{22E5EE09-C5CE-4085-B90C-E8F5E04BDF97}.Release|Mixed Platforms.ActiveCfg = Release|Any CPU
		{22E5EE09-C5CE-4085-B90C-E8F5E04BDF97}.Release|Mixed Platforms.Build.0 = Release|Any CPU
		{22E5EE09-C5CE-4085-B90C-E8F5E04BDF97}.Release|x64.ActiveCfg = Release|Any CPU
		{22E5EE09-C5CE-4085-B90C-E8F5E04BDF97}.Release|x86.ActiveCfg = Release|Any CPU
		{7894DBAE-0DD3-46A3-8BB7-1CBB920D2639}.Debug|Any CPU.ActiveCfg = Debug|Any CPU
		{7894DBAE-0DD3-46A3-8BB7-1CBB920D2639}.Debug|Any CPU.Build.0 = Debug|Any CPU
		{7894DBAE-0DD3-46A3-8BB7-1CBB920D2639}.Debug|Mixed Platforms.ActiveCfg = Debug|Any CPU
		{7894DBAE-0DD3-46A3-8BB7-1CBB920D2639}.Debug|Mixed Platforms.Build.0 = Debug|Any CPU
		{7894DBAE-0DD3-46A3-8BB7-1CBB920D2639}.Debug|x64.ActiveCfg = Debug|Any CPU
		{7894DBAE-0DD3-46A3-8BB7-1CBB920D2639}.Debug|x86.ActiveCfg = Debug|Any CPU
		{7894DBAE-0DD3-46A3-8BB7-1CBB920D2639}.Release|Any CPU.ActiveCfg = Debug|Any CPU
		{7894DBAE-0DD3-46A3-8BB7-1CBB920D2639}.Release|Any CPU.Build.0 = Debug|Any CPU
		{7894DBAE-0DD3-46A3-8BB7-1CBB920D2639}.Release|Mixed Platforms.ActiveCfg = Debug|Any CPU
		{7894DBAE-0DD3-46A3-8BB7-1CBB920D2639}.Release|Mixed Platforms.Build.0 = Debug|Any CPU
		{7894DBAE-0DD3-46A3-8BB7-1CBB920D2639}.Release|x64.ActiveCfg = Debug|Any CPU
		{7894DBAE-0DD3-46A3-8BB7-1CBB920D2639}.Release|x86.ActiveCfg = Debug|Any CPU
		{A73743B4-9109-4ED4-A7A9-7BED6330B647}.Debug|Any CPU.ActiveCfg = Debug|Any CPU
		{A73743B4-9109-4ED4-A7A9-7BED6330B647}.Debug|Any CPU.Build.0 = Debug|Any CPU
		{A73743B4-9109-4ED4-A7A9-7BED6330B647}.Debug|Mixed Platforms.ActiveCfg = Debug|Any CPU
		{A73743B4-9109-4ED4-A7A9-7BED6330B647}.Debug|Mixed Platforms.Build.0 = Debug|Any CPU
		{A73743B4-9109-4ED4-A7A9-7BED6330B647}.Debug|x64.ActiveCfg = Debug|Any CPU
		{A73743B4-9109-4ED4-A7A9-7BED6330B647}.Debug|x86.ActiveCfg = Debug|Any CPU
		{A73743B4-9109-4ED4-A7A9-7BED6330B647}.Release|Any CPU.ActiveCfg = Release|Any CPU
		{A73743B4-9109-4ED4-A7A9-7BED6330B647}.Release|Any CPU.Build.0 = Release|Any CPU
		{A73743B4-9109-4ED4-A7A9-7BED6330B647}.Release|Mixed Platforms.ActiveCfg = Release|Any CPU
		{A73743B4-9109-4ED4-A7A9-7BED6330B647}.Release|Mixed Platforms.Build.0 = Release|Any CPU
		{A73743B4-9109-4ED4-A7A9-7BED6330B647}.Release|x64.ActiveCfg = Release|Any CPU
		{A73743B4-9109-4ED4-A7A9-7BED6330B647}.Release|x86.ActiveCfg = Release|Any CPU
		{EC96450B-0276-4B4E-8C54-AE20733EFF31}.Debug|Any CPU.ActiveCfg = Debug|Any CPU
		{EC96450B-0276-4B4E-8C54-AE20733EFF31}.Debug|Any CPU.Build.0 = Debug|Any CPU
		{EC96450B-0276-4B4E-8C54-AE20733EFF31}.Debug|Mixed Platforms.ActiveCfg = Debug|Any CPU
		{EC96450B-0276-4B4E-8C54-AE20733EFF31}.Debug|Mixed Platforms.Build.0 = Debug|Any CPU
		{EC96450B-0276-4B4E-8C54-AE20733EFF31}.Debug|x64.ActiveCfg = Debug|Any CPU
		{EC96450B-0276-4B4E-8C54-AE20733EFF31}.Debug|x86.ActiveCfg = Debug|Any CPU
		{EC96450B-0276-4B4E-8C54-AE20733EFF31}.Release|Any CPU.ActiveCfg = Release|Any CPU
		{EC96450B-0276-4B4E-8C54-AE20733EFF31}.Release|Any CPU.Build.0 = Release|Any CPU
		{EC96450B-0276-4B4E-8C54-AE20733EFF31}.Release|Mixed Platforms.ActiveCfg = Release|Any CPU
		{EC96450B-0276-4B4E-8C54-AE20733EFF31}.Release|Mixed Platforms.Build.0 = Release|Any CPU
		{EC96450B-0276-4B4E-8C54-AE20733EFF31}.Release|x64.ActiveCfg = Release|Any CPU
		{EC96450B-0276-4B4E-8C54-AE20733EFF31}.Release|x86.ActiveCfg = Release|Any CPU
		{F2C5FFA6-4AC7-4B5D-A826-1D76712D12D3}.Debug|Any CPU.ActiveCfg = Debug|Any CPU
		{F2C5FFA6-4AC7-4B5D-A826-1D76712D12D3}.Debug|Any CPU.Build.0 = Debug|Any CPU
		{F2C5FFA6-4AC7-4B5D-A826-1D76712D12D3}.Debug|Mixed Platforms.ActiveCfg = Debug|Any CPU
		{F2C5FFA6-4AC7-4B5D-A826-1D76712D12D3}.Debug|Mixed Platforms.Build.0 = Debug|Any CPU
		{F2C5FFA6-4AC7-4B5D-A826-1D76712D12D3}.Debug|x64.ActiveCfg = Debug|Any CPU
		{F2C5FFA6-4AC7-4B5D-A826-1D76712D12D3}.Debug|x86.ActiveCfg = Debug|Any CPU
		{F2C5FFA6-4AC7-4B5D-A826-1D76712D12D3}.Release|Any CPU.ActiveCfg = Release|Any CPU
		{F2C5FFA6-4AC7-4B5D-A826-1D76712D12D3}.Release|Any CPU.Build.0 = Release|Any CPU
		{F2C5FFA6-4AC7-4B5D-A826-1D76712D12D3}.Release|Mixed Platforms.ActiveCfg = Release|Any CPU
		{F2C5FFA6-4AC7-4B5D-A826-1D76712D12D3}.Release|Mixed Platforms.Build.0 = Release|Any CPU
		{F2C5FFA6-4AC7-4B5D-A826-1D76712D12D3}.Release|x64.ActiveCfg = Release|Any CPU
		{F2C5FFA6-4AC7-4B5D-A826-1D76712D12D3}.Release|x86.ActiveCfg = Release|Any CPU
	EndGlobalSection
	GlobalSection(SolutionProperties) = preSolution
		HideSolutionNode = FALSE
	EndGlobalSection
EndGlobal
